
Microsoft Visual Studio Solution File, Format Version 12.00
# Visual Studio Version 16
VisualStudioVersion = 16.0.30907.101
MinimumVisualStudioVersion = 10.0.40219.1
Project("{159641D6-6404-4A2A-AE62-294DE0FE8301}") = "LDSBC_IT243_km", "LDSBC_IT243_km.dtproj", "{20DA4567-3112-4F11-80EA-87BF687BBF61}"
EndProject
Global
	GlobalSection(SolutionConfigurationPlatforms) = preSolution
		Development|Default = Development|Default
	EndGlobalSection
	GlobalSection(ProjectConfigurationPlatforms) = postSolution
		{20DA4567-3112-4F11-80EA-87BF687BBF61}.Development|Default.ActiveCfg = Development
		{20DA4567-3112-4F11-80EA-87BF687BBF61}.Development|Default.Build.0 = Development
	EndGlobalSection
	GlobalSection(SolutionProperties) = preSolution
		HideSolutionNode = FALSE
	EndGlobalSection
	GlobalSection(ExtensibilityGlobals) = postSolution
		SolutionGuid = {92B627D5-BD01-4471-9B18-8CEE228B9A15}
	EndGlobalSection
EndGlobal
